<?xml version="1.0"?>
<CONFIG>
  <ProjectOptions>
    <PathDelim Value="/"/>
    <Version Value="5"/>
    <General>
      <MainUnit Value="0"/>
      <IconPath Value="./"/>
      <TargetFileExt Value=""/>
      <Title Value="cactus"/>
      <ActiveEditorIndexAtStart Value="10"/>
    </General>
    <VersionInfo>
      <AutoIncrementBuild Value="True"/>
      <CurrentMajorRevNr Value="3"/>
      <CurrentMinorRevNr Value="5"/>
    </VersionInfo>
    <PublishOptions>
      <Version Value="2"/>
      <DestinationDirectory Value="/home/daseeb/devel/mp3/release/source"/>
      <IncludeFileFilter Value="*.(pas|pp|inc|lfm|lpr|lrs|lpi|lpk|sh|xml)"/>
      <ExcludeFileFilter Value="*.(bak|ppu|ppw|o|so);*~;backup"/>
    </PublishOptions>
    <RunParams>
      <local>
        <FormatVersion Value="1"/>
        <LaunchingApplication PathPlusParams="/usr/X11R6/bin/xterm -T 'Lazarus Run Output' -e $(LazarusDir)/tools/runwait.sh $(TargetCmdLine)"/>
      </local>
    </RunParams>
    <RequiredPackages Count="3">
      <Item1>
        <PackageName Value="LCL"/>
        <MinVersion Major="1" Valid="True"/>
      </Item1>
      <Item2>
        <PackageName Value="JPEGForLazarus"/>
      </Item2>
      <Item3>
        <PackageName Value="FCL"/>
        <MinVersion Major="1" Valid="True"/>
      </Item3>
    </RequiredPackages>
    <Units Count="107">
      <Unit0>
        <Filename Value="mp3proj.lpr"/>
        <IsPartOfProject Value="True"/>
        <UnitName Value="mp3proj"/>
        <CursorPos X="24" Y="25"/>
        <TopLine Value="9"/>
        <EditorIndex Value="10"/>
        <UsageCount Value="200"/>
        <Loaded Value="True"/>
      </Unit0>
      <Unit1>
        <Filename Value="mp3.pas"/>
        <ComponentName Value="Main"/>
        <IsPartOfProject Value="True"/>
        <ResourceFilename Value="mp3.lrs"/>
        <UnitName Value="mp3"/>
        <CursorPos X="48" Y="28"/>
        <TopLine Value="12"/>
        <EditorIndex Value="2"/>
        <UsageCount Value="200"/>
        <Loaded Value="True"/>
      </Unit1>
      <Unit2>
        <Filename Value="mp3file.pas"/>
        <IsPartOfProject Value="True"/>
        <UnitName Value="mp3file"/>
        <CursorPos X="1" Y="102"/>
        <TopLine Value="78"/>
        <EditorIndex Value="9"/>
        <UsageCount Value="200"/>
        <Loaded Value="True"/>
      </Unit2>
      <Unit3>
        <Filename Value="home/sebi/lazarus/lcl/forms.pp"/>
        <UnitName Value="Forms"/>
        <CursorPos X="35" Y="46"/>
        <TopLine Value="31"/>
        <UsageCount Value="6"/>
      </Unit3>
      <Unit4>
        <Filename Value="home/sebi/lazarus/lcl/interfaces/win32/win32int.pp"/>
        <UnitName Value="Win32Int"/>
        <CursorPos X="1" Y="1"/>
        <TopLine Value="18"/>
        <UsageCount Value="6"/>
      </Unit4>
      <Unit5>
        <Filename Value="editid3.pas"/>
        <ComponentName Value="EditID3"/>
        <IsPartOfProject Value="True"/>
        <ResourceFilename Value="editid3.lrs"/>
        <UnitName Value="editid3"/>
        <CursorPos X="39" Y="362"/>
        <TopLine Value="340"/>
        <EditorIndex Value="0"/>
        <UsageCount Value="200"/>
        <Loaded Value="True"/>
      </Unit5>
      <Unit6>
        <Filename Value="home/sebi/lazarus/lcl/menus.pp"/>
        <UnitName Value="Menus"/>
        <CursorPos X="3" Y="96"/>
        <TopLine Value="232"/>
        <UsageCount Value="5"/>
      </Unit6>
      <Unit7>
        <Filename Value="home/sebi/lazarus/lcl/comctrls.pp"/>
        <UnitName Value="ComCtrls"/>
        <CursorPos X="15" Y="1615"/>
        <TopLine Value="1598"/>
        <UsageCount Value="5"/>
      </Unit7>
      <Unit8>
        <Filename Value="repair.pas"/>
        <ComponentName Value="Form1"/>
        <ResourceFilename Value="repair.lrs"/>
        <UnitName Value="repair"/>
        <CursorPos X="97" Y="10"/>
        <TopLine Value="1"/>
        <UsageCount Value="190"/>
      </Unit8>
      <Unit9>
        <Filename Value="status.pas"/>
        <ComponentName Value="Status"/>
        <IsPartOfProject Value="True"/>
        <ResourceFilename Value="status.lrs"/>
        <UnitName Value="status"/>
        <CursorPos X="108" Y="28"/>
        <TopLine Value="1"/>
        <EditorIndex Value="4"/>
        <UsageCount Value="200"/>
        <Loaded Value="True"/>
      </Unit9>
      <Unit10>
        <Filename Value="usr/share/fpcsrc/rtl/win32/system.pp"/>
        <UnitName Value="System"/>
        <CursorPos X="1" Y="1709"/>
        <TopLine Value="1675"/>
        <UsageCount Value="6"/>
      </Unit10>
      <Unit11>
        <Filename Value="usr/share/fpcsrc/rtl/inc/systemh.inc"/>
        <CursorPos X="2" Y="704"/>
        <TopLine Value="687"/>
        <UsageCount Value="6"/>
      </Unit11>
      <Unit12>
        <Filename Value="usr/share/fpcsrc/rtl/linux/system.pp"/>
        <UnitName Value="System"/>
        <CursorPos X="105" Y="35"/>
        <TopLine Value="19"/>
        <UsageCount Value="8"/>
      </Unit12>
      <Unit13>
        <Filename Value="upload.pas"/>
        <ComponentName Value="uploadwin"/>
        <ResourceFilename Value="upload.lrs"/>
        <UnitName Value="upload"/>
        <CursorPos X="78" Y="8"/>
        <TopLine Value="1"/>
        <UsageCount Value="183"/>
      </Unit13>
      <Unit14>
        <Filename Value="home/sebi/lazarus/lcl/lclclasses.pp"/>
        <UnitName Value="LCLClasses"/>
        <CursorPos X="3" Y="30"/>
        <TopLine Value="13"/>
        <UsageCount Value="8"/>
      </Unit14>
      <Unit15>
        <Filename Value="settings.pas"/>
        <ComponentName Value="Settings"/>
        <IsPartOfProject Value="True"/>
        <ResourceFilename Value="settings.lrs"/>
        <UnitName Value="settings"/>
        <CursorPos X="58" Y="119"/>
        <TopLine Value="101"/>
        <EditorIndex Value="6"/>
        <UsageCount Value="200"/>
        <Loaded Value="True"/>
      </Unit15>
      <Unit16>
        <Filename Value="usr/share/fpcsrc/rtl/unix/sysutils.pp"/>
        <UnitName Value="sysutils"/>
        <CursorPos X="15" Y="28"/>
        <TopLine Value="11"/>
        <UsageCount Value="7"/>
      </Unit16>
      <Unit17>
        <Filename Value="home/sebi/lazarus/lcl/controls.pp"/>
        <UnitName Value="Controls"/>
        <CursorPos X="1" Y="1"/>
        <TopLine Value="1"/>
        <UsageCount Value="6"/>
      </Unit17>
      <Unit18>
        <Filename Value="convert.pas"/>
        <ComponentName Value="convert"/>
        <ResourceFilename Value="convert.lrs"/>
        <UnitName Value="convert"/>
        <CursorPos X="1" Y="1"/>
        <TopLine Value="1"/>
        <UsageCount Value="189"/>
      </Unit18>
      <Unit19>
        <Filename Value="upload.lrs"/>
        <CursorPos X="1" Y="3"/>
        <TopLine Value="1"/>
        <UsageCount Value="8"/>
      </Unit19>
      <Unit20>
        <Filename Value="cfgpas.pas"/>
        <UnitName Value="cfgpas"/>
        <CursorPos X="126" Y="46"/>
        <TopLine Value="1"/>
        <UsageCount Value="65"/>
      </Unit20>
      <Unit21>
        <Filename Value="unit1.pas"/>
        <UnitName Value="unit1"/>
        <CursorPos X="1" Y="1"/>
        <TopLine Value="1"/>
        <UsageCount Value="19"/>
      </Unit21>
      <Unit22>
        <Filename Value="d:/fp/lazarus/lcl/interfacebase.pp"/>
        <UnitName Value="InterfaceBase"/>
        <CursorPos X="6" Y="62"/>
        <TopLine Value="48"/>
        <UsageCount Value="10"/>
      </Unit22>
      <Unit23>
        <Filename Value="fmod.pas"/>
        <UnitName Value="fmod"/>
        <CursorPos X="15" Y="509"/>
        <TopLine Value="496"/>
        <EditorIndex Value="13"/>
        <UsageCount Value="11"/>
        <Loaded Value="True"/>
      </Unit23>
      <Unit24>
        <Filename Value="D:/fp/source/fcl/win32/classes.pp"/>
        <UnitName Value="Classes"/>
        <CursorPos X="6" Y="27"/>
        <TopLine Value="10"/>
        <UsageCount Value="10"/>
      </Unit24>
      <Unit25>
        <Filename Value="mnt/win_d/cvs/lazarus/lcl/LCLClasses.pp"/>
        <UnitName Value="LCLClasses"/>
        <CursorPos X="3" Y="32"/>
        <TopLine Value="15"/>
        <UsageCount Value="10"/>
      </Unit25>
      <Unit26>
        <Filename Value="player.pas"/>
        <ComponentName Value="playwin"/>
        <IsPartOfProject Value="True"/>
        <ResourceFilename Value="player.lrs"/>
        <UnitName Value="player"/>
        <CursorPos X="23" Y="441"/>
        <TopLine Value="1"/>
        <EditorIndex Value="12"/>
        <UsageCount Value="200"/>
        <Loaded Value="True"/>
      </Unit26>
      <Unit27>
        <Filename Value="mnt/win_d/cvs/lazarus-linux/lcl/interfaces/gtk2/Gtk2Int.pas"/>
        <UnitName Value="Gtk2Int"/>
        <CursorPos X="1" Y="1"/>
        <TopLine Value="1"/>
        <UsageCount Value="10"/>
      </Unit27>
      <Unit28>
        <Filename Value="mnt/win_d/cvs/lazarus-linux/lcl/interfaces/gtk/gtkproc.inc"/>
        <CursorPos X="29" Y="2927"/>
        <TopLine Value="2912"/>
        <UsageCount Value="10"/>
      </Unit28>
      <Unit29>
        <Filename Value="id3lib.pas"/>
        <UnitName Value="id3lib"/>
        <CursorPos X="1" Y="1"/>
        <TopLine Value="1"/>
        <UsageCount Value="190"/>
      </Unit29>
      <Unit30>
        <Filename Value="id3/id3v2.pas"/>
        <UnitName Value="ID3v2"/>
        <CursorPos X="1" Y="1"/>
        <TopLine Value="1"/>
        <UsageCount Value="10"/>
      </Unit30>
      <Unit31>
        <Filename Value="id3/simple_id3v2.pas"/>
        <UnitName Value="simple_ID3v2"/>
        <CursorPos X="28" Y="66"/>
        <TopLine Value="56"/>
        <UsageCount Value="10"/>
      </Unit31>
      <Unit32>
        <Filename Value="id3/include/tid3v2.inc"/>
        <CursorPos X="32" Y="241"/>
        <TopLine Value="218"/>
        <UsageCount Value="10"/>
      </Unit32>
      <Unit33>
        <Filename Value="mp3.lfm"/>
        <CursorPos X="1" Y="1"/>
        <TopLine Value="1"/>
        <UsageCount Value="1"/>
        <SyntaxHighlighter Value="LFM"/>
      </Unit33>
      <Unit34>
        <Filename Value="home/sebi/lazarus_cvs/lazarus/lcl/grids.pas"/>
        <UnitName Value="Grids"/>
        <CursorPos X="40" Y="2849"/>
        <TopLine Value="2831"/>
        <UsageCount Value="1"/>
      </Unit34>
      <Unit35>
        <Filename Value="fmodplayer.pas"/>
        <IsPartOfProject Value="True"/>
        <UnitName Value="fmodplayer"/>
        <CursorPos X="66" Y="12"/>
        <TopLine Value="1"/>
        <EditorIndex Value="1"/>
        <UsageCount Value="201"/>
        <Loaded Value="True"/>
      </Unit35>
      <Unit36>
        <Filename Value="home/sebi/lazarus_cvs/lazarus/lcl/nonwin32/messages.pp"/>
        <UnitName Value="Messages"/>
        <CursorPos X="21" Y="31"/>
        <TopLine Value="1"/>
        <UsageCount Value="10"/>
      </Unit36>
      <Unit37>
        <Filename Value="mnt/win_d/devel/release/source/editid3.pas"/>
        <ComponentName Value="EditID3"/>
        <ResourceFilename Value="mnt/win_d/devel/release/source/editid3.lrs"/>
        <UnitName Value="editid3"/>
        <CursorPos X="1" Y="183"/>
        <TopLine Value="180"/>
        <UsageCount Value="3"/>
      </Unit37>
      <Unit38>
        <Filename Value="home/sebi/lazarus_cvs/lazarus/lcl/alllclunits.pp"/>
        <UnitName Value="AllLCLUnits"/>
        <CursorPos X="1" Y="1"/>
        <TopLine Value="1"/>
        <UsageCount Value="3"/>
      </Unit38>
      <Unit39>
        <Filename Value="home/sebi/lazarus_cvs/lazarus/lcl/interfaces/win32/win32int.pp"/>
        <UnitName Value="Win32Int"/>
        <CursorPos X="1" Y="1"/>
        <TopLine Value="1"/>
        <UsageCount Value="3"/>
      </Unit39>
      <Unit40>
        <Filename Value="home/sebi/lazarus_cvs/lazarus/lcl/graphics.pp"/>
        <UnitName Value="Graphics"/>
        <CursorPos X="1" Y="1"/>
        <TopLine Value="1"/>
        <UsageCount Value="3"/>
      </Unit40>
      <Unit41>
        <Filename Value="usr/lib/fpc/1.9.8/units/i386-win32/fcl/zstream.pp"/>
        <UnitName Value="zstream"/>
        <CursorPos X="63" Y="28"/>
        <TopLine Value="20"/>
        <UsageCount Value="3"/>
      </Unit41>
      <Unit42>
        <Filename Value="usr/lib/fpc/sources/fcl/inc/zstream.pp"/>
        <UnitName Value="zstream"/>
        <CursorPos X="69" Y="15"/>
        <TopLine Value="1"/>
        <UsageCount Value="3"/>
      </Unit42>
      <Unit43>
        <Filename Value="usr/lib/fpc/sources/fcl/template/classes.pp"/>
        <UnitName Value="Classes"/>
        <CursorPos X="2" Y="30"/>
        <TopLine Value="3"/>
        <UsageCount Value="3"/>
      </Unit43>
      <Unit44>
        <Filename Value="home/sebi/lazarus_cvs/lazarus/lcl/lclclasses.pp"/>
        <UnitName Value="LCLClasses"/>
        <CursorPos X="12" Y="32"/>
        <TopLine Value="12"/>
        <UsageCount Value="3"/>
      </Unit44>
      <Unit45>
        <Filename Value="D:/fpc/lazarus/lcl/interfaces/gtk/gtkDef.pp"/>
        <UnitName Value="GTKDef"/>
        <CursorPos X="16" Y="575"/>
        <TopLine Value="566"/>
        <UsageCount Value="3"/>
      </Unit45>
      <Unit46>
        <Filename Value="D:/fpc/lazarus/lcl/interfaces/gtk/gtkobject.inc"/>
        <CursorPos X="15" Y="1756"/>
        <TopLine Value="1742"/>
        <UsageCount Value="3"/>
      </Unit46>
      <Unit47>
        <Filename Value="D:/fpc/lazarus/startlazarus.lpr"/>
        <UnitName Value="StartLazarus"/>
        <CursorPos X="17" Y="54"/>
        <TopLine Value="35"/>
        <UsageCount Value="3"/>
      </Unit47>
      <Unit48>
        <Filename Value="../../lazarus_cvs/lazarus/lcl/graphics.pp"/>
        <UnitName Value="Graphics"/>
        <CursorPos X="1" Y="1"/>
        <TopLine Value="1"/>
        <UsageCount Value="3"/>
      </Unit48>
      <Unit49>
        <Filename Value="../../lazarus_cvs/lazarus/lcl/interfaces/gtk/gtkproc.pp"/>
        <UnitName Value="GTKProc"/>
        <CursorPos X="12" Y="1076"/>
        <TopLine Value="1056"/>
        <UsageCount Value="3"/>
      </Unit49>
      <Unit50>
        <Filename Value="../../lazarus_cvs/lazarus/lcl/interfaces/gtk/gtkwsforms.pp"/>
        <UnitName Value="GtkWSForms"/>
        <CursorPos X="3" Y="176"/>
        <TopLine Value="156"/>
        <UsageCount Value="3"/>
      </Unit50>
      <Unit51>
        <Filename Value="directories.pas"/>
        <ComponentName Value="dirwin"/>
        <IsPartOfProject Value="True"/>
        <ResourceFilename Value="directories.lrs"/>
        <UnitName Value="directories"/>
        <CursorPos X="48" Y="50"/>
        <TopLine Value="28"/>
        <UsageCount Value="200"/>
      </Unit51>
      <Unit52>
        <Filename Value="../../mp3.pas"/>
        <UnitName Value="mp3"/>
        <CursorPos X="1" Y="1230"/>
        <TopLine Value="1222"/>
        <UsageCount Value="4"/>
      </Unit52>
      <Unit53>
        <Filename Value="usr/lib/fpc/sources/rtl/unix/classes.pp"/>
        <UnitName Value="Classes"/>
        <CursorPos X="3" Y="30"/>
        <TopLine Value="10"/>
        <UsageCount Value="4"/>
      </Unit53>
      <Unit54>
        <Filename Value="../lazarus/ide/main.pp"/>
        <UnitName Value="Main"/>
        <CursorPos X="1" Y="1"/>
        <TopLine Value="1"/>
        <UsageCount Value="9"/>
      </Unit54>
      <Unit55>
        <Filename Value="../lazarus/lcl/interfaces/gtk/gtkwinapi.inc"/>
        <CursorPos X="12" Y="8270"/>
        <TopLine Value="8252"/>
        <UsageCount Value="9"/>
      </Unit55>
      <Unit56>
        <Filename Value="../lazarus/lcl/include/control.inc"/>
        <CursorPos X="1" Y="1823"/>
        <TopLine Value="1803"/>
        <UsageCount Value="9"/>
      </Unit56>
      <Unit57>
        <Filename Value="../acs24/Src/classes/acs_audiomix.pas"/>
        <UnitName Value="acs_audiomix"/>
        <CursorPos X="50" Y="95"/>
        <TopLine Value="75"/>
        <UsageCount Value="10"/>
      </Unit57>
      <Unit58>
        <Filename Value="../lazarus/ide/lazarus.pp"/>
        <UnitName Value="Lazarus"/>
        <CursorPos X="41" Y="42"/>
        <TopLine Value="1"/>
        <UsageCount Value="10"/>
      </Unit58>
      <Unit59>
        <Filename Value="../mp3alt/mp3file.pas"/>
        <UnitName Value="mp3file"/>
        <CursorPos X="1" Y="324"/>
        <TopLine Value="318"/>
        <UsageCount Value="1"/>
      </Unit59>
      <Unit60>
        <Filename Value="../lazarus-svn/ide/lazarus.pp"/>
        <UnitName Value="Lazarus"/>
        <CursorPos X="1" Y="1"/>
        <TopLine Value="1"/>
        <UsageCount Value="5"/>
      </Unit60>
      <Unit61>
        <Filename Value="../lazarus/lcl/lclclasses.pp"/>
        <UnitName Value="LCLClasses"/>
        <CursorPos X="4" Y="30"/>
        <TopLine Value="10"/>
        <UsageCount Value="2"/>
      </Unit61>
      <Unit62>
        <Filename Value="skin.pas"/>
        <IsPartOfProject Value="True"/>
        <UnitName Value="skin"/>
        <CursorPos X="57" Y="116"/>
        <TopLine Value="1"/>
        <EditorIndex Value="11"/>
        <UsageCount Value="200"/>
        <Loaded Value="True"/>
      </Unit62>
      <Unit63>
        <Filename Value="../lazarus/lcl/include/imglist.inc"/>
        <CursorPos X="13" Y="983"/>
        <TopLine Value="944"/>
        <UsageCount Value="6"/>
      </Unit63>
      <Unit64>
        <Filename Value="../lazarus/ide/diffdialog.lfm"/>
        <CursorPos X="1" Y="1"/>
        <TopLine Value="1"/>
        <UsageCount Value="3"/>
        <SyntaxHighlighter Value="LFM"/>
      </Unit64>
      <Unit65>
        <Filename Value="../lazarus/ide/aboutfrm.pas"/>
        <ComponentName Value="AboutForm"/>
        <HasResources Value="True"/>
        <UnitName Value="AboutFrm"/>
        <CursorPos X="1" Y="1"/>
        <TopLine Value="1"/>
        <UsageCount Value="3"/>
      </Unit65>
      <Unit66>
        <Filename Value="../lazarus/ide/splash.lfm"/>
        <CursorPos X="1" Y="1"/>
        <TopLine Value="1"/>
        <UsageCount Value="3"/>
        <SyntaxHighlighter Value="LFM"/>
      </Unit66>
      <Unit67>
        <Filename Value="../lazarus/ide/codecontextform.pas"/>
        <ComponentName Value="CodeContextFrm"/>
        <HasResources Value="True"/>
        <UnitName Value="CodeContextForm"/>
        <CursorPos X="1" Y="1"/>
        <TopLine Value="1"/>
        <UsageCount Value="3"/>
      </Unit67>
      <Unit68>
        <Filename Value="../lazarus/ide/mainbar.pas"/>
        <UnitName Value="MainBar"/>
        <CursorPos X="1" Y="1"/>
        <TopLine Value="68"/>
        <UsageCount Value="3"/>
      </Unit68>
      <Unit69>
        <Filename Value="../lazarus/ideintf/imagelisteditor.pp"/>
        <ComponentName Value="ImageListEditorDlg"/>
        <HasResources Value="True"/>
        <ResourceFilename Value="../lazarus/ideintf/imagelisteditor.lrs"/>
        <UnitName Value="ImageListEditor"/>
        <CursorPos X="3" Y="470"/>
        <TopLine Value="462"/>
        <UsageCount Value="5"/>
      </Unit69>
      <Unit70>
        <Filename Value="../lazarus-svn/lcl/alllclunits.pp"/>
        <UnitName Value="AllLCLUnits"/>
        <CursorPos X="1" Y="1"/>
        <TopLine Value="1"/>
        <UsageCount Value="3"/>
      </Unit70>
      <Unit71>
        <Filename Value="cdrip.pas"/>
        <ComponentName Value="cdrip"/>
        <IsPartOfProject Value="True"/>
        <ResourceFilename Value="cdrip.lrs"/>
        <UnitName Value="cdrip"/>
        <CursorPos X="39" Y="281"/>
        <TopLine Value="267"/>
        <EditorIndex Value="5"/>
        <UsageCount Value="200"/>
        <Loaded Value="True"/>
      </Unit71>
      <Unit72>
        <Filename Value="cddb.pas"/>
        <UnitName Value="cddb"/>
        <CursorPos X="41" Y="1"/>
        <TopLine Value="1"/>
        <EditorIndex Value="7"/>
        <UsageCount Value="100"/>
        <Loaded Value="True"/>
      </Unit72>
      <Unit73>
        <Filename Value="lnet/ltcp/lclient.pas"/>
        <UnitName Value="lclient"/>
        <CursorPos X="118" Y="41"/>
        <TopLine Value="1"/>
        <UsageCount Value="12"/>
      </Unit73>
      <Unit74>
        <Filename Value="lnet/lnet/lftp.pas"/>
        <UnitName Value="lFTP"/>
        <CursorPos X="45" Y="129"/>
        <TopLine Value="93"/>
        <UsageCount Value="9"/>
      </Unit74>
      <Unit75>
        <Filename Value="lnet/lnet/lnet.pas"/>
        <UnitName Value="lNet"/>
        <CursorPos X="28" Y="1089"/>
        <TopLine Value="1053"/>
        <UsageCount Value="9"/>
      </Unit75>
      <Unit76>
        <Filename Value="lnet/lnet/lfunc.inc"/>
        <CursorPos X="18" Y="205"/>
        <TopLine Value="156"/>
        <UsageCount Value="9"/>
      </Unit76>
      <Unit77>
        <Filename Value="cdrip.lrs"/>
        <CursorPos X="1" Y="1"/>
        <TopLine Value="1"/>
        <UsageCount Value="8"/>
      </Unit77>
      <Unit78>
        <Filename Value="../lazarus-svn/lazarus/lcl/forms.pp"/>
        <UnitName Value="Forms"/>
        <CursorPos X="3" Y="1266"/>
        <TopLine Value="1240"/>
        <UsageCount Value="9"/>
      </Unit78>
      <Unit79>
        <Filename Value="../lazarus-svn/lazarus/ide/lazarus.pp"/>
        <UnitName Value="Lazarus"/>
        <CursorPos X="1" Y="114"/>
        <TopLine Value="64"/>
        <UsageCount Value="9"/>
      </Unit79>
      <Unit80>
        <Filename Value="../lazarus-svn/lazarus/components/sqlite/registersqlite3.pas"/>
        <UnitName Value="registersqlite3"/>
        <CursorPos X="34" Y="21"/>
        <TopLine Value="1"/>
        <UsageCount Value="10"/>
      </Unit80>
      <Unit81>
        <Filename Value="../lazarus-svn/lazarus/ide/main.pp"/>
        <UnitName Value="Main"/>
        <CursorPos X="76" Y="121"/>
        <TopLine Value="94"/>
        <UsageCount Value="10"/>
      </Unit81>
      <Unit82>
        <Filename Value="../lazarus-svn/lazarus/lcl/interfaces/gtk2/gtk2wscustomlistview.inc"/>
        <CursorPos X="80" Y="747"/>
        <TopLine Value="706"/>
        <UsageCount Value="5"/>
      </Unit82>
      <Unit83>
        <Filename Value="/usr/share/fpcsrc/packages/extra/gtk2/gtk+/gtk/gtkincludes.inc"/>
        <CursorPos X="11" Y="166"/>
        <TopLine Value="141"/>
        <UsageCount Value="10"/>
      </Unit83>
      <Unit84>
        <Filename Value="../lazarus-svn/lazarus/lcl/interfaces/gtk/gtkproc.inc"/>
        <CursorPos X="4" Y="7293"/>
        <TopLine Value="7266"/>
        <UsageCount Value="10"/>
      </Unit84>
      <Unit85>
        <Filename Value="../lazarus-svn/lcl/interfaces/gtk2/gtk2wscustomlistview.inc"/>
        <CursorPos X="1" Y="731"/>
        <TopLine Value="725"/>
        <UsageCount Value="3"/>
      </Unit85>
      <Unit86>
        <Filename Value="../lazarus-svn/lcl/interfaces/gtk2/gtk2wsextctrls.pp"/>
        <UnitName Value="Gtk2WSExtCtrls"/>
        <CursorPos X="10" Y="115"/>
        <TopLine Value="10"/>
        <UsageCount Value="1"/>
      </Unit86>
      <Unit87>
        <Filename Value="../lazarus-svn/lcl/interfaces/gtk2/gtk2wsmenus.pp"/>
        <UnitName Value="Gtk2WSMenus"/>
        <CursorPos X="10" Y="44"/>
        <TopLine Value="17"/>
        <UsageCount Value="1"/>
      </Unit87>
      <Unit88>
        <Filename Value="../lazarus-svn/lcl/interfaces/gtk/gtkwsbuttons.pp"/>
        <UnitName Value="GtkWSButtons"/>
        <CursorPos X="40" Y="348"/>
        <TopLine Value="328"/>
        <UsageCount Value="2"/>
      </Unit88>
      <Unit89>
        <Filename Value="../lazarus-svn-clean/lcl/interfaces/gtk2/gtk2wscustomlistview.inc"/>
        <CursorPos X="14" Y="743"/>
        <TopLine Value="722"/>
        <UsageCount Value="1"/>
      </Unit89>
      <Unit90>
        <Filename Value="../lazarus-svn/lcl/interfaces/gtk/gtkwsmenus.pp"/>
        <UnitName Value="GtkWSMenus"/>
        <CursorPos X="28" Y="287"/>
        <TopLine Value="246"/>
        <UsageCount Value="2"/>
      </Unit90>
      <Unit91>
        <Filename Value="../lazarus-svn/lcl/interfaces/gtk/gtkproc.inc"/>
        <CursorPos X="48" Y="2388"/>
        <TopLine Value="2370"/>
        <UsageCount Value="10"/>
      </Unit91>
      <Unit92>
        <Filename Value="../fpcsrc/rtl/objpas/classes/classesh.inc"/>
        <CursorPos X="15" Y="1231"/>
        <TopLine Value="1213"/>
        <UsageCount Value="1"/>
      </Unit92>
      <Unit93>
        <Filename Value="/tmp/testcompileroptions.pas"/>
        <UnitName Value="testcompileroptions"/>
        <CursorPos X="1" Y="1"/>
        <TopLine Value="1"/>
        <UsageCount Value="3"/>
      </Unit93>
      <Unit94>
        <Filename Value="../lazarus-svn-clean/ide/lazarus.pp"/>
        <UnitName Value="Lazarus"/>
        <CursorPos X="1" Y="119"/>
        <TopLine Value="78"/>
        <UsageCount Value="3"/>
      </Unit94>
      <Unit95>
        <Filename Value="functions.pas"/>
        <IsPartOfProject Value="True"/>
        <UnitName Value="functions"/>
        <CursorPos X="9" Y="35"/>
        <TopLine Value="1"/>
        <EditorIndex Value="8"/>
        <UsageCount Value="127"/>
        <Loaded Value="True"/>
      </Unit95>
      <Unit96>
        <Filename Value="lnet-0.4.0/lib/lnet.pas"/>
        <UnitName Value="lNet"/>
        <CursorPos X="113" Y="408"/>
        <TopLine Value="391"/>
        <UsageCount Value="3"/>
      </Unit96>
      <Unit97>
        <Filename Value="cactus_const.inc"/>
        <CursorPos X="51" Y="1"/>
        <TopLine Value="1"/>
        <UsageCount Value="4"/>
      </Unit97>
      <Unit98>
        <Filename Value="../lazarus-svn-clean/lcl/interfaces/wince/wincewinapiemu.pp"/>
        <UnitName Value="WinCEWinApiEmu"/>
        <CursorPos X="107" Y="207"/>
        <TopLine Value="187"/>
        <UsageCount Value="5"/>
      </Unit98>
      <Unit99>
        <Filename Value="lnet-0.4.0/lib/lcommon.pas"/>
        <UnitName Value="lCommon"/>
        <CursorPos X="1" Y="1"/>
        <TopLine Value="1"/>
        <UsageCount Value="6"/>
      </Unit99>
      <Unit100>
        <Filename Value="../lazarus-svn-clean/lcl/interfaces/win32/win32int.pp"/>
        <UnitName Value="Win32Int"/>
        <CursorPos X="18" Y="41"/>
        <TopLine Value="23"/>
        <UsageCount Value="8"/>
      </Unit100>
      <Unit101>
        <Filename Value="../lazarus-svn-clean/lcl/interfaces/gtk2/gtk2wscomctrls.pp"/>
        <UnitName Value="Gtk2WSComCtrls"/>
        <CursorPos X="66" Y="242"/>
        <TopLine Value="237"/>
        <UsageCount Value="9"/>
      </Unit101>
      <Unit102>
        <Filename Value="aws.pas"/>
        <IsPartOfProject Value="True"/>
        <UnitName Value="aws"/>
        <CursorPos X="19" Y="13"/>
        <TopLine Value="4"/>
        <EditorIndex Value="3"/>
        <UsageCount Value="51"/>
        <Loaded Value="True"/>
      </Unit102>
      <Unit103>
        <Filename Value="../lazarus-svn/lcl/interfaces/win32/win32int.pp"/>
        <UnitName Value="Win32Int"/>
        <CursorPos X="18" Y="41"/>
        <TopLine Value="23"/>
        <UsageCount Value="10"/>
      </Unit103>
      <Unit104>
        <Filename Value="../lazarus-svn/components/jpeg/lazjpeg.pas"/>
        <UnitName Value="LazJPEG"/>
        <CursorPos X="1" Y="1"/>
        <TopLine Value="1"/>
        <UsageCount Value="10"/>
      </Unit104>
      <Unit105>
        <Filename Value="../lazarus-svn/components/jpeg/jpegforlazarus.pas"/>
        <UnitName Value="JPEGForLazarus"/>
        <CursorPos X="40" Y="20"/>
        <TopLine Value="1"/>
        <UsageCount Value="10"/>
      </Unit105>
      <Unit106>
        <Filename Value="../lazarus-svn/components/jpeg/readme.txt"/>
        <CursorPos X="23" Y="18"/>
        <TopLine Value="1"/>
        <UsageCount Value="10"/>
        <SyntaxHighlighter Value="None"/>
      </Unit106>
    </Units>
    <JumpHistory Count="5" HistoryIndex="4">
      <Position1>
        <Filename Value="mp3.pas"/>
        <Caret Line="832" Column="25" TopLine="827"/>
      </Position1>
      <Position2>
        <Filename Value="aws.pas"/>
        <Caret Line="1" Column="69" TopLine="1"/>
      </Position2>
      <Position3>
        <Filename Value="mp3proj.lpr"/>
        <Caret Line="36" Column="31" TopLine="9"/>
      </Position3>
      <Position4>
        <Filename Value="fmod.pas"/>
        <Caret Line="767" Column="47" TopLine="747"/>
      </Position4>
      <Position5>
        <Filename Value="mp3proj.lpr"/>
        <Caret Line="25" Column="24" TopLine="9"/>
      </Position5>
    </JumpHistory>
  </ProjectOptions>
  <CompilerOptions>
    <Version Value="5"/>
    <Target>
      <Filename Value="../cactus_jukebox"/>
    </Target>
    <SearchPaths>
      <IncludeFiles Value="../../lnet-0.4.0/lib/sys/"/>
      <OtherUnitFiles Value="../../lnet-0.4.0/lib/;../../synapse/source/lib/;fmodintf/"/>
      <LCLWidgetType Value="gtk2"/>
    </SearchPaths>
    <Parsing>
      <SyntaxOptions>
        <CStyleOperator Value="False"/>
        <AllowLabel Value="False"/>
      </SyntaxOptions>
    </Parsing>
    <CodeGeneration>
      <SmartLinkUnit Value="True"/>
      <TargetProcessor Value="2"/>
      <TargetOS Value="Linux"/>
    </CodeGeneration>
    <Linking>
      <Debugging>
        <StripSymbols Value="True"/>
      </Debugging>
      <Options>
        <PassLinkerOptions Value="True"/>
        <LinkerOptions Value="-lgcc"/>
      </Options>
    </Linking>
    <Other>
      <Verbosity>
        <ShowHintsForUnusedUnitsInMainSrc Value="True"/>
      </Verbosity>
      <WriteFPCLogo Value="False"/>
      <CustomOptions Value="
"/>
      <CompilerPath Value="$(CompPath)"/>
    </Other>
  </CompilerOptions>
  <Debugging>
    <BreakPoints Count="1">
      <Item1>
        <Source Value="player.pas"/>
        <Line Value="74"/>
      </Item1>
    </BreakPoints>
    <Watches Count="3">
      <Item1>
        <Expression Value="TFModPlayerClass"/>
      </Item1>
      <Item2>
        <Expression Value="playing"/>
      </Item2>
      <Item3>
        <Expression Value="title"/>
      </Item3>
    </Watches>
  </Debugging>
</CONFIG>
