<?xml version="1.0"?>
<CONFIG>
  <ProjectOptions>
    <PathDelim Value="/"/>
    <Version Value="6"/>
    <General>
      <MainUnit Value="0"/>
      <TargetFileExt Value=""/>
      <Title Value="cactus"/>
      <ActiveEditorIndexAtStart Value="0"/>
    </General>
    <VersionInfo>
      <AutoIncrementBuild Value="True"/>
      <CurrentMajorRevNr Value="3"/>
      <CurrentMinorRevNr Value="5"/>
    </VersionInfo>
    <PublishOptions>
      <Version Value="2"/>
      <DestinationDirectory Value="/home/daseeb/devel/mp3/release/source"/>
      <IncludeFileFilter Value="*.(pas|pp|inc|lfm|lpr|lrs|lpi|lpk|sh|xml)"/>
      <ExcludeFileFilter Value="*.(bak|ppu|ppw|o|so);*~;backup"/>
    </PublishOptions>
    <RunParams>
      <local>
        <FormatVersion Value="1"/>
        <LaunchingApplication PathPlusParams="/usr/X11R6/bin/xterm -T 'Lazarus Run Output' -e $(LazarusDir)/tools/runwait.sh $(TargetCmdLine)"/>
      </local>
    </RunParams>
    <RequiredPackages Count="3">
      <Item1>
        <PackageName Value="LCL"/>
        <MinVersion Major="1" Valid="True"/>
      </Item1>
      <Item2>
        <PackageName Value="imagesforlazarus"/>
      </Item2>
      <Item3>
        <PackageName Value="FCL"/>
        <MinVersion Major="1" Valid="True"/>
      </Item3>
    </RequiredPackages>
    <Units Count="118">
      <Unit0>
        <Filename Value="mp3proj.lpr"/>
        <IsPartOfProject Value="True"/>
        <UnitName Value="mp3proj"/>
        <CursorPos X="61" Y="166"/>
        <TopLine Value="101"/>
        <EditorIndex Value="10"/>
        <UsageCount Value="200"/>
        <Loaded Value="True"/>
      </Unit0>
      <Unit1>
        <Filename Value="mp3.pas"/>
        <ComponentName Value="Main"/>
        <ResourceFilename Value="mp3.lrs"/>
        <UnitName Value="mp3"/>
        <CursorPos X="43" Y="3089"/>
        <TopLine Value="3077"/>
        <UsageCount Value="195"/>
        <Bookmarks Count="6">
          <Item0 X="22" Y="482" ID="0"/>
          <Item1 X="27" Y="2572" ID="1"/>
          <Item2 X="23" Y="455" ID="5"/>
          <Item3 X="10" Y="2547" ID="6"/>
          <Item4 X="10" Y="896" ID="7"/>
          <Item5 X="18" Y="3081" ID="8"/>
        </Bookmarks>
      </Unit1>
      <Unit2>
        <Filename Value="mp3file.pas"/>
        <UnitName Value="mp3file"/>
        <CursorPos X="7" Y="24"/>
        <TopLine Value="1"/>
        <UsageCount Value="195"/>
        <Bookmarks Count="1">
          <Item0 X="47" Y="272" ID="4"/>
        </Bookmarks>
      </Unit2>
      <Unit3>
        <Filename Value="editid3.pas"/>
        <ComponentName Value="EditID3"/>
        <IsPartOfProject Value="True"/>
        <ResourceFilename Value="editid3.lrs"/>
        <UnitName Value="editid3"/>
        <CursorPos X="42" Y="9"/>
        <TopLine Value="1"/>
        <EditorIndex Value="1"/>
        <UsageCount Value="200"/>
        <Loaded Value="True"/>
      </Unit3>
      <Unit4>
        <Filename Value="repair.pas"/>
        <ComponentName Value="Form1"/>
        <ResourceFilename Value="repair.lrs"/>
        <UnitName Value="repair"/>
        <CursorPos X="97" Y="10"/>
        <TopLine Value="1"/>
        <UsageCount Value="175"/>
      </Unit4>
      <Unit5>
        <Filename Value="status.pas"/>
        <ComponentName Value="Status"/>
        <IsPartOfProject Value="True"/>
        <ResourceFilename Value="status.lrs"/>
        <UnitName Value="status"/>
        <CursorPos X="83" Y="17"/>
        <TopLine Value="1"/>
        <UsageCount Value="200"/>
      </Unit5>
      <Unit6>
        <Filename Value="upload.pas"/>
        <ComponentName Value="uploadwin"/>
        <ResourceFilename Value="upload.lrs"/>
        <UnitName Value="upload"/>
        <CursorPos X="78" Y="8"/>
        <TopLine Value="1"/>
        <UsageCount Value="168"/>
      </Unit6>
      <Unit7>
        <Filename Value="settings.pas"/>
        <ComponentName Value="Settings"/>
        <IsPartOfProject Value="True"/>
        <ResourceFilename Value="settings.lrs"/>
        <UnitName Value="settings"/>
        <CursorPos X="62" Y="18"/>
        <TopLine Value="1"/>
        <EditorIndex Value="3"/>
        <UsageCount Value="200"/>
        <Loaded Value="True"/>
      </Unit7>
      <Unit8>
        <Filename Value="convert.pas"/>
        <ComponentName Value="convert"/>
        <ResourceFilename Value="convert.lrs"/>
        <UnitName Value="convert"/>
        <CursorPos X="1" Y="1"/>
        <TopLine Value="1"/>
        <UsageCount Value="174"/>
      </Unit8>
      <Unit9>
        <Filename Value="cfgpas.pas"/>
        <UnitName Value="cfgpas"/>
        <CursorPos X="126" Y="46"/>
        <TopLine Value="1"/>
        <UsageCount Value="50"/>
      </Unit9>
      <Unit10>
        <Filename Value="unit1.pas"/>
        <UnitName Value="unit1"/>
        <CursorPos X="1" Y="1"/>
        <TopLine Value="1"/>
        <UsageCount Value="4"/>
      </Unit10>
      <Unit11>
        <Filename Value="fmod.pas"/>
        <UnitName Value="fmod"/>
        <CursorPos X="15" Y="509"/>
        <TopLine Value="496"/>
        <UsageCount Value="6"/>
      </Unit11>
      <Unit12>
        <Filename Value="player.pas"/>
        <ComponentName Value="playwin"/>
        <IsPartOfProject Value="True"/>
        <ResourceFilename Value="player.lrs"/>
        <UnitName Value="player"/>
        <CursorPos X="34" Y="12"/>
        <TopLine Value="1"/>
        <EditorIndex Value="2"/>
        <UsageCount Value="200"/>
        <Loaded Value="True"/>
      </Unit12>
      <Unit13>
        <Filename Value="id3lib.pas"/>
        <UnitName Value="id3lib"/>
        <CursorPos X="1" Y="1"/>
        <TopLine Value="1"/>
        <UsageCount Value="175"/>
      </Unit13>
      <Unit14>
        <Filename Value="mp3.lfm"/>
        <CursorPos X="1" Y="1"/>
        <TopLine Value="1"/>
        <UsageCount Value="6"/>
        <SyntaxHighlighter Value="LFM"/>
      </Unit14>
      <Unit15>
        <Filename Value="home/sebi/lazarus_cvs/lazarus/lcl/grids.pas"/>
        <UnitName Value="Grids"/>
        <CursorPos X="40" Y="2849"/>
        <TopLine Value="2831"/>
        <UsageCount Value="6"/>
      </Unit15>
      <Unit16>
        <Filename Value="fmodplayer.pas"/>
        <IsPartOfProject Value="True"/>
        <UnitName Value="fmodplayer"/>
        <CursorPos X="1" Y="96"/>
        <TopLine Value="87"/>
        <EditorIndex Value="8"/>
        <UsageCount Value="201"/>
        <Loaded Value="True"/>
      </Unit16>
      <Unit17>
        <Filename Value="mnt/win_d/devel/release/source/editid3.pas"/>
        <ComponentName Value="EditID3"/>
        <ResourceFilename Value="mnt/win_d/devel/release/source/editid3.lrs"/>
        <UnitName Value="editid3"/>
        <CursorPos X="1" Y="183"/>
        <TopLine Value="180"/>
        <UsageCount Value="8"/>
      </Unit17>
      <Unit18>
        <Filename Value="home/sebi/lazarus_cvs/lazarus/lcl/alllclunits.pp"/>
        <UnitName Value="AllLCLUnits"/>
        <CursorPos X="1" Y="1"/>
        <TopLine Value="1"/>
        <UsageCount Value="8"/>
      </Unit18>
      <Unit19>
        <Filename Value="home/sebi/lazarus_cvs/lazarus/lcl/interfaces/win32/win32int.pp"/>
        <UnitName Value="Win32Int"/>
        <CursorPos X="1" Y="1"/>
        <TopLine Value="1"/>
        <UsageCount Value="8"/>
      </Unit19>
      <Unit20>
        <Filename Value="home/sebi/lazarus_cvs/lazarus/lcl/graphics.pp"/>
        <UnitName Value="Graphics"/>
        <CursorPos X="1" Y="1"/>
        <TopLine Value="1"/>
        <UsageCount Value="8"/>
      </Unit20>
      <Unit21>
        <Filename Value="usr/lib/fpc/1.9.8/units/i386-win32/fcl/zstream.pp"/>
        <UnitName Value="zstream"/>
        <CursorPos X="63" Y="28"/>
        <TopLine Value="20"/>
        <UsageCount Value="8"/>
      </Unit21>
      <Unit22>
        <Filename Value="usr/lib/fpc/sources/fcl/inc/zstream.pp"/>
        <UnitName Value="zstream"/>
        <CursorPos X="69" Y="15"/>
        <TopLine Value="1"/>
        <UsageCount Value="8"/>
      </Unit22>
      <Unit23>
        <Filename Value="usr/lib/fpc/sources/fcl/template/classes.pp"/>
        <UnitName Value="Classes"/>
        <CursorPos X="2" Y="30"/>
        <TopLine Value="3"/>
        <UsageCount Value="8"/>
      </Unit23>
      <Unit24>
        <Filename Value="home/sebi/lazarus_cvs/lazarus/lcl/lclclasses.pp"/>
        <UnitName Value="LCLClasses"/>
        <CursorPos X="12" Y="32"/>
        <TopLine Value="12"/>
        <UsageCount Value="8"/>
      </Unit24>
      <Unit25>
        <Filename Value="D:/fpc/lazarus/lcl/interfaces/gtk/gtkDef.pp"/>
        <UnitName Value="GTKDef"/>
        <CursorPos X="16" Y="575"/>
        <TopLine Value="566"/>
        <UsageCount Value="8"/>
      </Unit25>
      <Unit26>
        <Filename Value="D:/fpc/lazarus/lcl/interfaces/gtk/gtkobject.inc"/>
        <CursorPos X="15" Y="1756"/>
        <TopLine Value="1742"/>
        <UsageCount Value="8"/>
      </Unit26>
      <Unit27>
        <Filename Value="D:/fpc/lazarus/startlazarus.lpr"/>
        <UnitName Value="StartLazarus"/>
        <CursorPos X="17" Y="54"/>
        <TopLine Value="35"/>
        <UsageCount Value="8"/>
      </Unit27>
      <Unit28>
        <Filename Value="../../lazarus_cvs/lazarus/lcl/graphics.pp"/>
        <UnitName Value="Graphics"/>
        <CursorPos X="1" Y="1"/>
        <TopLine Value="1"/>
        <UsageCount Value="8"/>
      </Unit28>
      <Unit29>
        <Filename Value="../../lazarus_cvs/lazarus/lcl/interfaces/gtk/gtkproc.pp"/>
        <UnitName Value="GTKProc"/>
        <CursorPos X="12" Y="1076"/>
        <TopLine Value="1056"/>
        <UsageCount Value="8"/>
      </Unit29>
      <Unit30>
        <Filename Value="../../lazarus_cvs/lazarus/lcl/interfaces/gtk/gtkwsforms.pp"/>
        <UnitName Value="GtkWSForms"/>
        <CursorPos X="3" Y="176"/>
        <TopLine Value="156"/>
        <UsageCount Value="8"/>
      </Unit30>
      <Unit31>
        <Filename Value="directories.pas"/>
        <ComponentName Value="dirwin"/>
        <IsPartOfProject Value="True"/>
        <ResourceFilename Value="directories.lrs"/>
        <UnitName Value="directories"/>
        <CursorPos X="26" Y="3"/>
        <TopLine Value="1"/>
        <UsageCount Value="200"/>
      </Unit31>
      <Unit32>
        <Filename Value="../../mp3.pas"/>
        <UnitName Value="mp3"/>
        <CursorPos X="1" Y="1230"/>
        <TopLine Value="1222"/>
        <UsageCount Value="9"/>
      </Unit32>
      <Unit33>
        <Filename Value="usr/lib/fpc/sources/rtl/unix/classes.pp"/>
        <UnitName Value="Classes"/>
        <CursorPos X="3" Y="30"/>
        <TopLine Value="10"/>
        <UsageCount Value="9"/>
      </Unit33>
      <Unit34>
        <Filename Value="../lazarus/ide/main.pp"/>
        <UnitName Value="Main"/>
        <CursorPos X="1" Y="1"/>
        <TopLine Value="1"/>
        <UsageCount Value="4"/>
      </Unit34>
      <Unit35>
        <Filename Value="../lazarus/lcl/interfaces/gtk/gtkwinapi.inc"/>
        <CursorPos X="12" Y="8270"/>
        <TopLine Value="8252"/>
        <UsageCount Value="4"/>
      </Unit35>
      <Unit36>
        <Filename Value="../lazarus/lcl/include/control.inc"/>
        <CursorPos X="1" Y="1823"/>
        <TopLine Value="1803"/>
        <UsageCount Value="4"/>
      </Unit36>
      <Unit37>
        <Filename Value="../mp3alt/mp3file.pas"/>
        <UnitName Value="mp3file"/>
        <CursorPos X="1" Y="324"/>
        <TopLine Value="318"/>
        <UsageCount Value="6"/>
      </Unit37>
      <Unit38>
        <Filename Value="../lazarus/lcl/lclclasses.pp"/>
        <UnitName Value="LCLClasses"/>
        <CursorPos X="4" Y="30"/>
        <TopLine Value="10"/>
        <UsageCount Value="7"/>
      </Unit38>
      <Unit39>
        <Filename Value="skin.pas"/>
        <IsPartOfProject Value="True"/>
        <UnitName Value="skin"/>
        <CursorPos X="92" Y="350"/>
        <TopLine Value="326"/>
        <UsageCount Value="200"/>
      </Unit39>
      <Unit40>
        <Filename Value="../lazarus/ide/diffdialog.lfm"/>
        <CursorPos X="1" Y="1"/>
        <TopLine Value="1"/>
        <UsageCount Value="8"/>
        <SyntaxHighlighter Value="LFM"/>
      </Unit40>
      <Unit41>
        <Filename Value="../lazarus/ide/aboutfrm.pas"/>
        <ComponentName Value="AboutForm"/>
        <HasResources Value="True"/>
        <UnitName Value="AboutFrm"/>
        <CursorPos X="1" Y="1"/>
        <TopLine Value="1"/>
        <UsageCount Value="8"/>
      </Unit41>
      <Unit42>
        <Filename Value="../lazarus/ide/splash.lfm"/>
        <CursorPos X="1" Y="1"/>
        <TopLine Value="1"/>
        <UsageCount Value="8"/>
        <SyntaxHighlighter Value="LFM"/>
      </Unit42>
      <Unit43>
        <Filename Value="../lazarus/ide/codecontextform.pas"/>
        <ComponentName Value="CodeContextFrm"/>
        <HasResources Value="True"/>
        <UnitName Value="CodeContextForm"/>
        <CursorPos X="1" Y="1"/>
        <TopLine Value="1"/>
        <UsageCount Value="8"/>
      </Unit43>
      <Unit44>
        <Filename Value="../lazarus/ide/mainbar.pas"/>
        <UnitName Value="MainBar"/>
        <CursorPos X="1" Y="1"/>
        <TopLine Value="68"/>
        <UsageCount Value="8"/>
      </Unit44>
      <Unit45>
        <Filename Value="../lazarus-svn/lcl/alllclunits.pp"/>
        <UnitName Value="AllLCLUnits"/>
        <CursorPos X="1" Y="1"/>
        <TopLine Value="1"/>
        <UsageCount Value="8"/>
      </Unit45>
      <Unit46>
        <Filename Value="cdrip.pas"/>
        <ComponentName Value="cdrip"/>
        <IsPartOfProject Value="True"/>
        <ResourceFilename Value="cdrip.lrs"/>
        <UnitName Value="cdrip"/>
        <CursorPos X="41" Y="434"/>
        <TopLine Value="403"/>
        <UsageCount Value="200"/>
      </Unit46>
      <Unit47>
        <Filename Value="cddb.pas"/>
        <UnitName Value="cddb"/>
        <CursorPos X="24" Y="26"/>
        <TopLine Value="121"/>
        <UsageCount Value="96"/>
      </Unit47>
      <Unit48>
        <Filename Value="lnet/ltcp/lclient.pas"/>
        <UnitName Value="lclient"/>
        <CursorPos X="118" Y="41"/>
        <TopLine Value="1"/>
        <UsageCount Value="7"/>
      </Unit48>
      <Unit49>
        <Filename Value="lnet/lnet/lftp.pas"/>
        <UnitName Value="lFTP"/>
        <CursorPos X="45" Y="129"/>
        <TopLine Value="93"/>
        <UsageCount Value="4"/>
      </Unit49>
      <Unit50>
        <Filename Value="lnet/lnet/lnet.pas"/>
        <UnitName Value="lNet"/>
        <CursorPos X="28" Y="1089"/>
        <TopLine Value="1053"/>
        <UsageCount Value="4"/>
      </Unit50>
      <Unit51>
        <Filename Value="lnet/lnet/lfunc.inc"/>
        <CursorPos X="18" Y="205"/>
        <TopLine Value="156"/>
        <UsageCount Value="4"/>
      </Unit51>
      <Unit52>
        <Filename Value="../lazarus-svn/lazarus/lcl/forms.pp"/>
        <UnitName Value="Forms"/>
        <CursorPos X="3" Y="1266"/>
        <TopLine Value="1240"/>
        <UsageCount Value="4"/>
      </Unit52>
      <Unit53>
        <Filename Value="../lazarus-svn/lazarus/ide/lazarus.pp"/>
        <UnitName Value="Lazarus"/>
        <CursorPos X="1" Y="114"/>
        <TopLine Value="64"/>
        <UsageCount Value="4"/>
      </Unit53>
      <Unit54>
        <Filename Value="../lazarus-svn/lcl/interfaces/gtk2/gtk2wscustomlistview.inc"/>
        <CursorPos X="1" Y="731"/>
        <TopLine Value="725"/>
        <UsageCount Value="8"/>
      </Unit54>
      <Unit55>
        <Filename Value="../lazarus-svn/lcl/interfaces/gtk2/gtk2wsextctrls.pp"/>
        <UnitName Value="Gtk2WSExtCtrls"/>
        <CursorPos X="10" Y="115"/>
        <TopLine Value="10"/>
        <UsageCount Value="6"/>
      </Unit55>
      <Unit56>
        <Filename Value="../lazarus-svn/lcl/interfaces/gtk2/gtk2wsmenus.pp"/>
        <UnitName Value="Gtk2WSMenus"/>
        <CursorPos X="10" Y="44"/>
        <TopLine Value="17"/>
        <UsageCount Value="6"/>
      </Unit56>
      <Unit57>
        <Filename Value="../lazarus-svn/lcl/interfaces/gtk/gtkwsbuttons.pp"/>
        <UnitName Value="GtkWSButtons"/>
        <CursorPos X="40" Y="348"/>
        <TopLine Value="328"/>
        <UsageCount Value="7"/>
      </Unit57>
      <Unit58>
        <Filename Value="../lazarus-svn-clean/lcl/interfaces/gtk2/gtk2wscustomlistview.inc"/>
        <CursorPos X="14" Y="743"/>
        <TopLine Value="722"/>
        <UsageCount Value="6"/>
      </Unit58>
      <Unit59>
        <Filename Value="../lazarus-svn/lcl/interfaces/gtk/gtkwsmenus.pp"/>
        <UnitName Value="GtkWSMenus"/>
        <CursorPos X="28" Y="287"/>
        <TopLine Value="246"/>
        <UsageCount Value="7"/>
      </Unit59>
      <Unit60>
        <Filename Value="../fpcsrc/rtl/objpas/classes/classesh.inc"/>
        <CursorPos X="15" Y="1231"/>
        <TopLine Value="1213"/>
        <UsageCount Value="6"/>
      </Unit60>
      <Unit61>
        <Filename Value="tmp/testcompileroptions.pas"/>
        <UnitName Value="testcompileroptions"/>
        <CursorPos X="1" Y="1"/>
        <TopLine Value="1"/>
        <UsageCount Value="8"/>
      </Unit61>
      <Unit62>
        <Filename Value="../lazarus-svn-clean/ide/lazarus.pp"/>
        <UnitName Value="Lazarus"/>
        <CursorPos X="1" Y="119"/>
        <TopLine Value="78"/>
        <UsageCount Value="8"/>
      </Unit62>
      <Unit63>
        <Filename Value="functions.pas"/>
        <IsPartOfProject Value="True"/>
        <UnitName Value="functions"/>
        <CursorPos X="3" Y="5"/>
        <TopLine Value="1"/>
        <UsageCount Value="201"/>
      </Unit63>
      <Unit64>
        <Filename Value="lnet-0.4.0/lib/lnet.pas"/>
        <UnitName Value="lNet"/>
        <CursorPos X="113" Y="408"/>
        <TopLine Value="391"/>
        <UsageCount Value="8"/>
      </Unit64>
      <Unit65>
        <Filename Value="cactus_const.inc"/>
        <CursorPos X="7" Y="19"/>
        <TopLine Value="1"/>
        <UsageCount Value="25"/>
      </Unit65>
      <Unit66>
        <Filename Value="../lazarus-svn-clean/lcl/interfaces/gtk2/gtk2wscomctrls.pp"/>
        <UnitName Value="Gtk2WSComCtrls"/>
        <CursorPos X="66" Y="242"/>
        <TopLine Value="237"/>
        <UsageCount Value="4"/>
      </Unit66>
      <Unit67>
        <Filename Value="aws.pas"/>
        <IsPartOfProject Value="True"/>
        <UnitName Value="aws"/>
        <CursorPos X="65" Y="244"/>
        <TopLine Value="217"/>
        <EditorIndex Value="7"/>
        <UsageCount Value="204"/>
        <Loaded Value="True"/>
      </Unit67>
      <Unit68>
        <Filename Value="../../lazarus-svn/lcl/interfaces/gtk/gtkwsmenus.pp"/>
        <UnitName Value="GtkWSMenus"/>
        <CursorPos X="69" Y="295"/>
        <TopLine Value="262"/>
        <UsageCount Value="6"/>
      </Unit68>
      <Unit69>
        <Filename Value="../../lazarus-svn/lcl/interfaces/gtk/gtkwinapi.inc"/>
        <CursorPos X="2" Y="3351"/>
        <TopLine Value="3335"/>
        <UsageCount Value="6"/>
      </Unit69>
      <Unit70>
        <Filename Value="../../lazarus-svn/components/jpeg/lazjpeg.pas"/>
        <UnitName Value="LazJPEG"/>
        <CursorPos X="15" Y="37"/>
        <TopLine Value="19"/>
        <UsageCount Value="5"/>
      </Unit70>
      <Unit71>
        <Filename Value="fmodintf/fmod.pas"/>
        <UnitName Value="fmod"/>
        <CursorPos X="81" Y="541"/>
        <TopLine Value="545"/>
        <UsageCount Value="18"/>
      </Unit71>
      <Unit72>
        <Filename Value="../../lazarus-svn/ide/lazarus.pp"/>
        <UnitName Value="Lazarus"/>
        <CursorPos X="1" Y="1"/>
        <TopLine Value="1"/>
        <UsageCount Value="9"/>
      </Unit72>
      <Unit73>
        <Filename Value="mediacol.pas"/>
        <IsPartOfProject Value="True"/>
        <UnitName Value="mediacol"/>
        <CursorPos X="7" Y="394"/>
        <TopLine Value="392"/>
        <EditorIndex Value="5"/>
        <UsageCount Value="200"/>
        <Bookmarks Count="1">
          <Item0 X="15" Y="399" ID="3"/>
        </Bookmarks>
        <Loaded Value="True"/>
      </Unit73>
      <Unit74>
        <Filename Value="../../lazarus-svn/components/jpeg/jpegforlazarus.pas"/>
        <UnitName Value="JPEGForLazarus"/>
        <CursorPos X="1" Y="1"/>
        <TopLine Value="1"/>
        <UsageCount Value="4"/>
      </Unit74>
      <Unit75>
        <Filename Value="bigcoverimg.pas"/>
        <ComponentName Value="BigCoverImg"/>
        <IsPartOfProject Value="True"/>
        <ResourceFilename Value="bigcoverimg.lrs"/>
        <UnitName Value="BigCoverImg"/>
        <CursorPos X="64" Y="43"/>
        <TopLine Value="19"/>
        <UsageCount Value="200"/>
      </Unit75>
      <Unit76>
        <Filename Value="mainunit.pas"/>
        <ComponentName Value="Main"/>
        <HasResources Value="True"/>
        <ResourceFilename Value="mainunit.lrs"/>
        <UnitName Value="mainunit"/>
        <CursorPos X="26" Y="3090"/>
        <TopLine Value="1"/>
        <UsageCount Value="15"/>
      </Unit76>
      <Unit77>
        <Filename Value="mainunit.lrs"/>
        <CursorPos X="1" Y="1"/>
        <TopLine Value="1"/>
        <UsageCount Value="5"/>
      </Unit77>
      <Unit78>
        <Filename Value="main.pas"/>
        <UnitName Value="mainunit"/>
        <CursorPos X="6" Y="18"/>
        <TopLine Value="1"/>
        <UsageCount Value="5"/>
      </Unit78>
      <Unit79>
        <Filename Value="mainform.pas"/>
        <ComponentName Value="Main"/>
        <IsPartOfProject Value="True"/>
        <ResourceBaseClass Value="Form"/>
        <ResourceFilename Value="mainform.lrs"/>
        <UnitName Value="mainform"/>
        <CursorPos X="41" Y="17"/>
        <TopLine Value="1"/>
        <EditorIndex Value="0"/>
        <UsageCount Value="198"/>
        <Bookmarks Count="3">
          <Item0 X="11" Y="1213" ID="0"/>
          <Item1 X="75" Y="3470" ID="1"/>
          <Item2 X="28" Y="1745" ID="2"/>
        </Bookmarks>
        <Loaded Value="True"/>
      </Unit79>
      <Unit80>
        <Filename Value="../../lazarus-svn/lcl/lclclasses.pp"/>
        <UnitName Value="LCLClasses"/>
        <CursorPos X="3" Y="137"/>
        <TopLine Value="122"/>
        <UsageCount Value="5"/>
      </Unit80>
      <Unit81>
        <Filename Value="../../lazarus-svn/lcl/graphics.pp"/>
        <UnitName Value="Graphics"/>
        <CursorPos X="17" Y="36"/>
        <TopLine Value="20"/>
        <UsageCount Value="6"/>
      </Unit81>
      <Unit82>
        <Filename Value="../../../tmp/cactusjukebox/source/fmodintf/fmod.pas"/>
        <UnitName Value="fmod"/>
        <CursorPos X="65" Y="81"/>
        <TopLine Value="55"/>
        <UsageCount Value="5"/>
      </Unit82>
      <Unit83>
        <Filename Value="../../../tmp/cactusjukebox/source/fmodintf/fmoddyn.pas"/>
        <UnitName Value="fmoddyn"/>
        <CursorPos X="109" Y="72"/>
        <TopLine Value="55"/>
        <UsageCount Value="5"/>
      </Unit83>
      <Unit84>
        <Filename Value="../../lazarus-svn/lcl/interfaces/qt/qt4.pas"/>
        <UnitName Value="qt4"/>
        <CursorPos X="16" Y="1501"/>
        <TopLine Value="1483"/>
        <UsageCount Value="6"/>
      </Unit84>
      <Unit85>
        <Filename Value="../../lazarus-svn/lcl/interfaces/fpgui/fpguiint.pp"/>
        <UnitName Value="fpguiint"/>
        <CursorPos X="13" Y="42"/>
        <TopLine Value="24"/>
        <UsageCount Value="6"/>
      </Unit85>
      <Unit86>
        <Filename Value="plugintypes.pas"/>
        <IsPartOfProject Value="True"/>
        <UnitName Value="plugintypes"/>
        <CursorPos X="68" Y="6"/>
        <TopLine Value="1"/>
        <UsageCount Value="178"/>
      </Unit86>
      <Unit87>
        <Filename Value="kopeteaway.pas"/>
        <UnitName Value="kopeteaway"/>
        <CursorPos X="1" Y="1"/>
        <TopLine Value="40"/>
        <UsageCount Value="19"/>
      </Unit87>
      <Unit88>
        <Filename Value="plugintest.pas"/>
        <UnitName Value="plugintest"/>
        <CursorPos X="65" Y="12"/>
        <TopLine Value="1"/>
        <UsageCount Value="10"/>
      </Unit88>
      <Unit89>
        <Filename Value="plugin.pas"/>
        <IsPartOfProject Value="True"/>
        <UnitName Value="plugin"/>
        <CursorPos X="40" Y="7"/>
        <TopLine Value="1"/>
        <UsageCount Value="168"/>
      </Unit89>
      <Unit90>
        <Filename Value="../../lazarus-svn/lcl/interfaces/qt/qtwsextctrls.pp"/>
        <UnitName Value="QtWSExtCtrls"/>
        <CursorPos X="72" Y="384"/>
        <TopLine Value="368"/>
        <UsageCount Value="6"/>
      </Unit90>
      <Unit91>
        <Filename Value="fmodintf/fmoddyn.pas"/>
        <UnitName Value="fmoddyn"/>
        <CursorPos X="6" Y="537"/>
        <TopLine Value="515"/>
        <EditorIndex Value="11"/>
        <UsageCount Value="10"/>
        <Loaded Value="True"/>
      </Unit91>
      <Unit92>
        <Filename Value="Lazarus/ide/startlazarus.lpr"/>
        <UnitName Value="StartLazarus"/>
        <CursorPos X="1" Y="51"/>
        <TopLine Value="25"/>
        <UsageCount Value="7"/>
      </Unit92>
      <Unit93>
        <Filename Value="mainform.lfm"/>
        <CursorPos X="1" Y="1"/>
        <TopLine Value="1"/>
        <UsageCount Value="10"/>
        <SyntaxHighlighter Value="LFM"/>
      </Unit93>
      <Unit94>
        <Filename Value="usr/lib/fpc/2.2.0/fpcbuild-2.2.0/fpcsrc/packages/fcl-base/src/inc/simpleipc.pp"/>
        <UnitName Value="simpleipc"/>
        <CursorPos X="28" Y="38"/>
        <TopLine Value="25"/>
        <UsageCount Value="7"/>
      </Unit94>
      <Unit95>
        <Filename Value="../../lazarus-svn/lcl/grids.pas"/>
        <UnitName Value="Grids"/>
        <CursorPos X="1" Y="1"/>
        <TopLine Value="1"/>
        <UsageCount Value="7"/>
      </Unit95>
      <Unit96>
        <Filename Value="debugout.pas"/>
        <UnitName Value="debugout"/>
        <CursorPos X="47" Y="35"/>
        <TopLine Value="6"/>
        <UsageCount Value="19"/>
      </Unit96>
      <Unit97>
        <Filename Value="debug.pas"/>
        <IsPartOfProject Value="True"/>
        <UnitName Value="debug"/>
        <CursorPos X="17" Y="30"/>
        <TopLine Value="33"/>
        <UsageCount Value="119"/>
      </Unit97>
      <Unit98>
        <Filename Value="../../lazarus-svn/lcl/interfaces/gtk/interfaces.pp"/>
        <UnitName Value="Interfaces"/>
        <CursorPos X="2" Y="29"/>
        <TopLine Value="10"/>
        <UsageCount Value="7"/>
      </Unit98>
      <Unit99>
        <Filename Value="../plugins/source/kopeteaway.pas"/>
        <UnitName Value="kopeteaway"/>
        <CursorPos X="42" Y="97"/>
        <TopLine Value="1"/>
        <UsageCount Value="9"/>
      </Unit99>
      <Unit100>
        <Filename Value="config.pas"/>
        <IsPartOfProject Value="True"/>
        <UnitName Value="config"/>
        <CursorPos X="66" Y="182"/>
        <TopLine Value="153"/>
        <EditorIndex Value="4"/>
        <UsageCount Value="113"/>
        <Loaded Value="True"/>
      </Unit100>
      <Unit101>
        <Filename Value="../../lazarus-svn/lcl/interfaces/qt/qtwscomctrls.pp"/>
        <UnitName Value="QtWSComCtrls"/>
        <CursorPos X="1" Y="1"/>
        <TopLine Value="1"/>
        <UsageCount Value="8"/>
      </Unit101>
      <Unit102>
        <Filename Value="addradio.pas"/>
        <ComponentName Value="addRadioForm"/>
        <HasResources Value="True"/>
        <IsPartOfProject Value="True"/>
        <ResourceFilename Value="addradio.lrs"/>
        <UnitName Value="addradio"/>
        <CursorPos X="50" Y="64"/>
        <TopLine Value="23"/>
        <UsageCount Value="87"/>
      </Unit102>
      <Unit103>
        <Filename Value="streamcol.pas"/>
        <UnitName Value="streamcol"/>
        <CursorPos X="28" Y="88"/>
        <TopLine Value="71"/>
        <UsageCount Value="14"/>
      </Unit103>
      <Unit104>
        <Filename Value="../../lazarus-svn/components/images/imagesforlazarus.pas"/>
        <UnitName Value="ImagesForLazarus"/>
        <CursorPos X="1" Y="1"/>
        <TopLine Value="1"/>
        <UsageCount Value="9"/>
      </Unit104>
      <Unit105>
        <Filename Value="../../lazarus/components/images/lazjpg.pas"/>
        <UnitName Value="LazJPG"/>
        <CursorPos X="15" Y="38"/>
        <TopLine Value="15"/>
        <UsageCount Value="9"/>
      </Unit105>
      <Unit106>
        <Filename Value="editid3.lfm"/>
        <CursorPos X="45" Y="28"/>
        <TopLine Value="1"/>
        <UsageCount Value="9"/>
        <SyntaxHighlighter Value="LFM"/>
      </Unit106>
      <Unit107>
        <Filename Value="mplayer.pas"/>
        <IsPartOfProject Value="True"/>
        <UnitName Value="mplayer"/>
        <CursorPos X="109" Y="187"/>
        <TopLine Value="154"/>
        <EditorIndex Value="6"/>
        <UsageCount Value="71"/>
        <Loaded Value="True"/>
      </Unit107>
      <Unit108>
        <Filename Value="playlist.pas"/>
        <IsPartOfProject Value="True"/>
        <UnitName Value="playlist"/>
        <CursorPos X="9" Y="305"/>
        <TopLine Value="287"/>
        <UsageCount Value="71"/>
      </Unit108>
      <Unit109>
        <Filename Value="playerclass.pas"/>
        <IsPartOfProject Value="True"/>
        <UnitName Value="playerclass"/>
        <CursorPos X="45" Y="32"/>
        <TopLine Value="19"/>
        <EditorIndex Value="9"/>
        <UsageCount Value="70"/>
        <Loaded Value="True"/>
      </Unit109>
      <Unit110>
        <Filename Value="../../lazarus-svn/ide/startlazarus.lpr"/>
        <UnitName Value="StartLazarus"/>
        <CursorPos X="63" Y="40"/>
        <TopLine Value="1"/>
        <UsageCount Value="10"/>
      </Unit110>
      <Unit111>
        <Filename Value="../../lazarus-svn64/components/images/lazpng.pas"/>
        <UnitName Value="LazPNG"/>
        <CursorPos X="31" Y="24"/>
        <TopLine Value="2"/>
        <UsageCount Value="10"/>
      </Unit111>
      <Unit112>
        <Filename Value="../../lazarus-svn64/components/images/registerimg4laz.pas"/>
        <UnitName Value="RegisterImg4Laz"/>
        <CursorPos X="24" Y="11"/>
        <TopLine Value="1"/>
        <UsageCount Value="10"/>
      </Unit112>
      <Unit113>
        <Filename Value="../../../Software/freepascal/fpc2.2/fpcbuild-2.2.0/fpcsrc/rtl/objpas/classes/classesh.inc"/>
        <CursorPos X="15" Y="212"/>
        <TopLine Value="191"/>
        <UsageCount Value="10"/>
      </Unit113>
      <Unit114>
        <Filename Value="../../lazarus-svn/components/images/lazpng.pas"/>
        <UnitName Value="LazPNG"/>
        <CursorPos X="20" Y="33"/>
        <TopLine Value="11"/>
        <UsageCount Value="10"/>
      </Unit114>
      <Unit115>
        <Filename Value="cleanlibrary.pas"/>
        <UnitName Value="CleanLibrary"/>
        <CursorPos X="64" Y="293"/>
        <TopLine Value="277"/>
        <UsageCount Value="10"/>
      </Unit115>
      <Unit116>
        <Filename Value="../../lazarus-svn64/lcl/interfaces/fpgui/fpguiint.pp"/>
        <UnitName Value="fpguiint"/>
        <CursorPos X="12" Y="42"/>
        <TopLine Value="20"/>
        <UsageCount Value="10"/>
      </Unit116>
      <Unit117>
        <Filename Value="fmodintf/fmoddyn.pas.bak"/>
        <CursorPos X="1" Y="1"/>
        <TopLine Value="837"/>
        <UsageCount Value="10"/>
        <SyntaxHighlighter Value="None"/>
      </Unit117>
    </Units>
    <JumpHistory Count="0" HistoryIndex="-1"/>
  </ProjectOptions>
  <CompilerOptions>
    <Version Value="8"/>
    <Target>
      <Filename Value="../cactus_jukebox"/>
    </Target>
    <SearchPaths>
      <Libraries Value="/home/daseeb/devel/fmodapi375win/api/lib/;/home/daseeb/devel/fmodapi375win/api/inc/;/home/daseeb/devel/fmodapi375win/api/"/>
      <OtherUnitFiles Value="fmodintf/;/home/daseeb/devel/units/lnet-0.4.0/lib/;/home/daseeb/devel/units/synapse/source/lib/;C:/FPC/lnet/lib/;C:/FPC/lnet/lib/sys/;C:/FPC/synapse/source/lib/"/>
      <UnitOutputDirectory Value="../source"/>
      <LCLWidgetType Value="gtk2"/>
    </SearchPaths>
    <Parsing>
      <SyntaxOptions>
        <CStyleOperator Value="False"/>
        <AllowLabel Value="False"/>
      </SyntaxOptions>
    </Parsing>
    <CodeGeneration>
      <Checks>
        <IOChecks Value="True"/>
        <RangeChecks Value="True"/>
        <OverflowChecks Value="True"/>
        <StackChecks Value="True"/>
      </Checks>
      <Optimizations>
        <OptimizationLevel Value="0"/>
      </Optimizations>
    </CodeGeneration>
    <Other>
      <Verbosity>
        <ShowHintsForUnusedUnitsInMainSrc Value="True"/>
      </Verbosity>
      <WriteFPCLogo Value="False"/>
      <CustomOptions Value="-dCactusDebug
-FU../source
"/>
      <CompilerPath Value="$(CompPath)"/>
      <CreateMakefileOnBuild Value="True"/>
    </Other>
  </CompilerOptions>
  <Debugging>
    <Watches Count="3">
      <Item1>
        <Expression Value="TFModPlayerClass"/>
      </Item1>
      <Item2>
        <Expression Value="playing"/>
      </Item2>
      <Item3>
        <Expression Value="title"/>
      </Item3>
    </Watches>
    <Exceptions Count="1">
      <Item1>
        <Name Value="EConvertError"/>
      </Item1>
    </Exceptions>
  </Debugging>
</CONFIG>
