<?xml version="1.0"?>
<CONFIG>
  <ProjectOptions>
    <Version Value="7"/>
    <General>
      <Flags>
        <LRSInOutputDirectory Value="False"/>
      </Flags>
      <SessionStorage Value="InProjectDir"/>
      <MainUnit Value="0"/>
      <TargetFileExt Value=""/>
      <Title Value="cactus"/>
    </General>
    <VersionInfo>
      <AutoIncrementBuild Value="True"/>
      <CurrentMajorRevNr Value="3"/>
      <CurrentMinorRevNr Value="5"/>
      <CurrentBuildNr Value="50"/>
    </VersionInfo>
    <PublishOptions>
      <Version Value="2"/>
      <DestinationDirectory Value="/home/daseeb/devel/mp3/release/source"/>
      <IncludeFileFilter Value="*.(pas|pp|inc|lfm|lpr|lrs|lpi|lpk|sh|xml)"/>
      <ExcludeFileFilter Value="*.(bak|ppu|ppw|o|so);*~;backup"/>
    </PublishOptions>
    <RunParams>
      <local>
        <FormatVersion Value="1"/>
        <LaunchingApplication PathPlusParams="/usr/X11R6/bin/xterm -T 'Lazarus Run Output' -e $(LazarusDir)/tools/runwait.sh $(TargetCmdLine)"/>
      </local>
    </RunParams>
    <RequiredPackages Count="3">
      <Item1>
        <PackageName Value="LCL"/>
        <MinVersion Major="1" Valid="True"/>
      </Item1>
      <Item2>
        <PackageName Value="imagesforlazarus"/>
      </Item2>
      <Item3>
        <PackageName Value="FCL"/>
        <MinVersion Major="1" Valid="True"/>
      </Item3>
    </RequiredPackages>
    <Units Count="26">
      <Unit0>
        <Filename Value="mp3proj.lpr"/>
        <IsPartOfProject Value="True"/>
        <UnitName Value="mp3proj"/>
      </Unit0>
      <Unit1>
        <Filename Value="editid3.pas"/>
        <ComponentName Value="EditID3"/>
        <IsPartOfProject Value="True"/>
        <ResourceBaseClass Value="Form"/>
        <UnitName Value="editid3"/>
      </Unit1>
      <Unit2>
        <Filename Value="status.pas"/>
        <ComponentName Value="Status"/>
        <IsPartOfProject Value="True"/>
        <UnitName Value="status"/>
      </Unit2>
      <Unit3>
        <Filename Value="settings.pas"/>
        <ComponentName Value="Settings"/>
        <IsPartOfProject Value="True"/>
        <ResourceBaseClass Value="Form"/>
        <UnitName Value="settings"/>
      </Unit3>
      <Unit4>
        <Filename Value="player.pas"/>
        <ComponentName Value="playwin"/>
        <IsPartOfProject Value="True"/>
        <UnitName Value="player"/>
      </Unit4>
      <Unit5>
        <Filename Value="fmodplayer.pas"/>
        <IsPartOfProject Value="True"/>
        <UnitName Value="fmodplayer"/>
      </Unit5>
      <Unit6>
        <Filename Value="directories.pas"/>
        <ComponentName Value="dirwin"/>
        <IsPartOfProject Value="True"/>
        <ResourceBaseClass Value="Form"/>
        <UnitName Value="directories"/>
      </Unit6>
      <Unit7>
        <Filename Value="skin.pas"/>
        <IsPartOfProject Value="True"/>
        <UnitName Value="skin"/>
      </Unit7>
      <Unit8>
        <Filename Value="cdrip.pas"/>
        <ComponentName Value="cdrip"/>
        <IsPartOfProject Value="True"/>
        <ResourceBaseClass Value="Form"/>
        <UnitName Value="cdrip"/>
      </Unit8>
      <Unit9>
        <Filename Value="functions.pas"/>
        <IsPartOfProject Value="True"/>
        <UnitName Value="functions"/>
      </Unit9>
      <Unit10>
        <Filename Value="aws.pas"/>
        <IsPartOfProject Value="True"/>
        <UnitName Value="aws"/>
      </Unit10>
      <Unit11>
        <Filename Value="mediacol.pas"/>
        <IsPartOfProject Value="True"/>
        <UnitName Value="mediacol"/>
      </Unit11>
      <Unit12>
        <Filename Value="bigcoverimg.pas"/>
        <ComponentName Value="BigCoverImg"/>
        <IsPartOfProject Value="True"/>
        <ResourceBaseClass Value="Form"/>
        <UnitName Value="BigCoverImg"/>
      </Unit12>
      <Unit13>
        <Filename Value="mainform.pas"/>
        <ComponentName Value="Main"/>
        <IsPartOfProject Value="True"/>
        <ResourceBaseClass Value="Form"/>
        <UnitName Value="mainform"/>
      </Unit13>
      <Unit14>
        <Filename Value="plugintypes.pas"/>
        <IsPartOfProject Value="True"/>
        <UnitName Value="plugintypes"/>
      </Unit14>
      <Unit15>
        <Filename Value="plugin.pas"/>
        <IsPartOfProject Value="True"/>
        <UnitName Value="plugin"/>
      </Unit15>
      <Unit16>
        <Filename Value="debug.pas"/>
        <IsPartOfProject Value="True"/>
        <UnitName Value="debug"/>
      </Unit16>
      <Unit17>
        <Filename Value="config.pas"/>
        <IsPartOfProject Value="True"/>
        <UnitName Value="config"/>
      </Unit17>
      <Unit18>
        <Filename Value="addradio.pas"/>
        <ComponentName Value="addRadioForm"/>
        <HasResources Value="True"/>
        <IsPartOfProject Value="True"/>
        <UnitName Value="addradio"/>
      </Unit18>
      <Unit19>
        <Filename Value="mplayer.pas"/>
        <IsPartOfProject Value="True"/>
        <UnitName Value="mplayer"/>
      </Unit19>
      <Unit20>
        <Filename Value="playlist.pas"/>
        <IsPartOfProject Value="True"/>
        <UnitName Value="playlist"/>
      </Unit20>
      <Unit21>
        <Filename Value="playerclass.pas"/>
        <IsPartOfProject Value="True"/>
        <UnitName Value="playerclass"/>
      </Unit21>
      <Unit22>
        <Filename Value="plugininterfaces.pas"/>
        <IsPartOfProject Value="True"/>
        <UnitName Value="plugininterfaces"/>
      </Unit22>
      <Unit23>
        <Filename Value="streamcol.pas"/>
        <IsPartOfProject Value="True"/>
        <UnitName Value="streamcol"/>
      </Unit23>
      <Unit24>
        <Filename Value="tagreader/mp3file.pas"/>
        <IsPartOfProject Value="True"/>
        <UnitName Value="mp3file"/>
      </Unit24>
      <Unit25>
        <Filename Value="tagreader/guesstag.pas"/>
        <IsPartOfProject Value="True"/>
        <UnitName Value="guesstag"/>
      </Unit25>
    </Units>
  </ProjectOptions>
  <CompilerOptions>
    <Version Value="8"/>
    <Target>
      <Filename Value="../cactus_jukebox"/>
    </Target>
    <SearchPaths>
      <OtherUnitFiles Value="fmodintf/;tagreader/;/home/daseeb/devel/units/lnet-0.4.0/lib/;/home/daseeb/devel/units/synapse/source/lib/;C:/FPC/lnet/lib/;C:/FPC/lnet/lib/sys/;C:/FPC/synapse/source/lib/"/>
      <UnitOutputDirectory Value="../source"/>
      <LCLWidgetType Value="gtk2"/>
    </SearchPaths>
    <Parsing>
      <SyntaxOptions>
        <CStyleOperator Value="False"/>
        <AllowLabel Value="False"/>
      </SyntaxOptions>
    </Parsing>
    <CodeGeneration>
      <Checks>
        <IOChecks Value="True"/>
        <RangeChecks Value="True"/>
        <OverflowChecks Value="True"/>
        <StackChecks Value="True"/>
      </Checks>
      <VerifyObjMethodCallValidity Value="True"/>
      <Optimizations>
        <OptimizationLevel Value="0"/>
      </Optimizations>
    </CodeGeneration>
    <Other>
      <Verbosity>
        <ShowHintsForUnusedUnitsInMainSrc Value="True"/>
      </Verbosity>
      <WriteFPCLogo Value="False"/>
      <CustomOptions Value="-dCactusDebug
-FU../source
"/>
      <CompilerPath Value="$(CompPath)"/>
      <CreateMakefileOnBuild Value="True"/>
    </Other>
  </CompilerOptions>
</CONFIG>
